
Microsoft Visual Studio Solution File, Format Version 11.00
# Visual Studio 2010
Project("{FAE04EC0-301F-11D3-BF4B-00C04F79EFBC}") = "NHibernateDAL", "NHibernateDAL\NHibernateDAL.csproj", "{2C8250E1-BB4B-47CF-99BE-18E0F989F448}"
EndProject
Project("{FAE04EC0-301F-11D3-BF4B-00C04F79EFBC}") = "AlbumService", "AlbumService\AlbumService.csproj", "{63EABB58-99A9-42AC-9519-33DBC12B62EF}"
EndProject
Global
	GlobalSection(SolutionConfigurationPlatforms) = preSolution
		Debug|Any CPU = Debug|Any CPU
		Debug|Mixed Platforms = Debug|Mixed Platforms
		Debug|x86 = Debug|x86
		Release|Any CPU = Release|Any CPU
		Release|Mixed Platforms = Release|Mixed Platforms
		Release|x86 = Release|x86
	EndGlobalSection
	GlobalSection(ProjectConfigurationPlatforms) = postSolution
		{2C8250E1-BB4B-47CF-99BE-18E0F989F448}.Debug|Any CPU.ActiveCfg = Debug|x86
		{2C8250E1-BB4B-47CF-99BE-18E0F989F448}.Debug|Mixed Platforms.ActiveCfg = Debug|Any CPU
		{2C8250E1-BB4B-47CF-99BE-18E0F989F448}.Debug|Mixed Platforms.Build.0 = Debug|Any CPU
		{2C8250E1-BB4B-47CF-99BE-18E0F989F448}.Debug|x86.ActiveCfg = Debug|x86
		{2C8250E1-BB4B-47CF-99BE-18E0F989F448}.Debug|x86.Build.0 = Debug|x86
		{2C8250E1-BB4B-47CF-99BE-18E0F989F448}.Release|Any CPU.ActiveCfg = Release|x86
		{2C8250E1-BB4B-47CF-99BE-18E0F989F448}.Release|Mixed Platforms.ActiveCfg = Release|x86
		{2C8250E1-BB4B-47CF-99BE-18E0F989F448}.Release|Mixed Platforms.Build.0 = Release|x86
		{2C8250E1-BB4B-47CF-99BE-18E0F989F448}.Release|x86.ActiveCfg = Release|x86
		{2C8250E1-BB4B-47CF-99BE-18E0F989F448}.Release|x86.Build.0 = Release|x86
		{63EABB58-99A9-42AC-9519-33DBC12B62EF}.Debug|Any CPU.ActiveCfg = Debug|Any CPU
		{63EABB58-99A9-42AC-9519-33DBC12B62EF}.Debug|Any CPU.Build.0 = Debug|Any CPU
		{63EABB58-99A9-42AC-9519-33DBC12B62EF}.Debug|Mixed Platforms.ActiveCfg = Debug|Any CPU
		{63EABB58-99A9-42AC-9519-33DBC12B62EF}.Debug|Mixed Platforms.Build.0 = Debug|Any CPU
		{63EABB58-99A9-42AC-9519-33DBC12B62EF}.Debug|x86.ActiveCfg = Debug|Any CPU
		{63EABB58-99A9-42AC-9519-33DBC12B62EF}.Release|Any CPU.ActiveCfg = Release|Any CPU
		{63EABB58-99A9-42AC-9519-33DBC12B62EF}.Release|Any CPU.Build.0 = Release|Any CPU
		{63EABB58-99A9-42AC-9519-33DBC12B62EF}.Release|Mixed Platforms.ActiveCfg = Release|Any CPU
		{63EABB58-99A9-42AC-9519-33DBC12B62EF}.Release|Mixed Platforms.Build.0 = Release|Any CPU
		{63EABB58-99A9-42AC-9519-33DBC12B62EF}.Release|x86.ActiveCfg = Release|Any CPU
	EndGlobalSection
	GlobalSection(SolutionProperties) = preSolution
		HideSolutionNode = FALSE
	EndGlobalSection
EndGlobal
